
Microsoft Visual Studio Solution File, Format Version 12.00
# Visual Studio Version 16
VisualStudioVersion = 16.0.31112.23
MinimumVisualStudioVersion = 10.0.40219.1
Project("{FAE04EC0-301F-11D3-BF4B-00C04F79EFBC}") = "GardenTools.Blazor.WebAssembly", "GardenTools.Blazor.WebAssembly\GardenTools.Blazor.WebAssembly.csproj", "{D904D257-BBE6-4799-97CD-F76216641E52}"
EndProject
Global
	GlobalSection(SolutionConfigurationPlatforms) = preSolution
		Debug|Any CPU = Debug|Any CPU
		Release|Any CPU = Release|Any CPU
	EndGlobalSection
	GlobalSection(ProjectConfigurationPlatforms) = postSolution
		{D904D257-BBE6-4799-97CD-F76216641E52}.Debug|Any CPU.ActiveCfg = Debug|Any CPU
		{D904D257-BBE6-4799-97CD-F76216641E52}.Debug|Any CPU.Build.0 = Debug|Any CPU
		{D904D257-BBE6-4799-97CD-F76216641E52}.Release|Any CPU.ActiveCfg = Release|Any CPU
		{D904D257-BBE6-4799-97CD-F76216641E52}.Release|Any CPU.Build.0 = Release|Any CPU
	EndGlobalSection
	GlobalSection(SolutionProperties) = preSolution
		HideSolutionNode = FALSE
	EndGlobalSection
	GlobalSection(ExtensibilityGlobals) = postSolution
		SolutionGuid = {1A1F855B-198B-4EF9-8A85-D2113FDD8FB0}
	EndGlobalSection
EndGlobal
